// !$*UTF8*$!
{
	archiveVersion = 1;
	classes = {
	};
	objectVersion = 46;
	objects = {

/* Begin PBXBuildFile section */
		485838951DD8B90700AAA0B0 /* AppDelegate.swift in Sources */ = {isa = PBXBuildFile; fileRef = 485838941DD8B90700AAA0B0 /* AppDelegate.swift */; };
		485838971DD8B90700AAA0B0 /* ViewController.swift in Sources */ = {isa = PBXBuildFile; fileRef = 485838961DD8B90700AAA0B0 /* ViewController.swift */; };
		4858389A1DD8B90700AAA0B0 /* Main.storyboard in Resources */ = {isa = PBXBuildFile; fileRef = 485838981DD8B90700AAA0B0 /* Main.storyboard */; };
		4858389C1DD8B90700AAA0B0 /* Assets.xcassets in Resources */ = {isa = PBXBuildFile; fileRef = 4858389B1DD8B90700AAA0B0 /* Assets.xcassets */; };
		4858389F1DD8B90700AAA0B0 /* LaunchScreen.storyboard in Resources */ = {isa = PBXBuildFile; fileRef = 4858389D1DD8B90700AAA0B0 /* LaunchScreen.storyboard */; };
/* End PBXBuildFile section */

/* Begin PBXFileReference section */
		485838911DD8B90700AAA0B0 /* miProfe.app */ = {isa = PBXFileReference; explicitFileType = wrapper.application; includeInIndex = 0; path = miProfe.app; sourceTree = BUILT_PRODUCTS_DIR; };
		485838941DD8B90700AAA0B0 /* AppDelegate.swift */ = {isa = PBXFileReference; lastKnownFileType = sourcecode.swift; path = AppDelegate.swift; sourceTree = "<group>"; };
		485838961DD8B90700AAA0B0 /* ViewController.swift */ = {isa = PBXFileReference; lastKnownFileType = sourcecode.swift; path = ViewController.swift; sourceTree = "<group>"; };
		485838991DD8B90700AAA0B0 /* Base */ = {isa = PBXFileReference; lastKnownFileType = file.storyboard; name = Base; path = Base.lproj/Main.storyboard; sourceTree = "<group>"; };
		4858389B1DD8B90700AAA0B0 /* Assets.xcassets */ = {isa = PBXFileReference; lastKnownFileType = folder.assetcatalog; path = Assets.xcassets; sourceTree = "<group>"; };
		4858389E1DD8B90700AAA0B0 /* Base */ = {isa = PBXFileReference; lastKnownFileType = file.storyboard; name = Base; path = Base.lproj/LaunchScreen.storyboard; sourceTree = "<group>"; };
		485838A01DD8B90700AAA0B0 /* Info.plist */ = {isa = PBXFileReference; lastKnownFileType = text.plist.xml; path = Info.plist; sourceTree = "<group>"; };
/* End PBXFileReference section */

/* Begin PBXFrameworksBuildPhase section */
		4858388E1DD8B90700AAA0B0 /* Frameworks */ = {
			isa = PBXFrameworksBuildPhase;
			buildActionMask = 2147483647;
			files = (
			);
			runOnlyForDeploymentPostprocessing = 0;
		};
/* End PBXFrameworksBuildPhase section */

/* Begin PBXGroup section */
		485838881DD8B90600AAA0B0 = {
			isa = PBXGroup;
			children = (
				485838931DD8B90700AAA0B0 /* miProfe */,
				485838921DD8B90700AAA0B0 /* Products */,
			);
			sourceTree = "<group>";
		};
		485838921DD8B90700AAA0B0 /* Products */ = {
			isa = PBXGroup;
			children = (
				485838911DD8B90700AAA0B0 /* miProfe.app */,
			);
			name = Products;
			sourceTree = "<group>";
		};
		485838931DD8B90700AAA0B0 /* miProfe */ = {
			isa = PBXGroup;
			children = (
				485838941DD8B90700AAA0B0 /* AppDelegate.swift */,
				485838961DD8B90700AAA0B0 /* ViewController.swift */,
				485838981DD8B90700AAA0B0 /* Main.storyboard */,
				4858389B1DD8B90700AAA0B0 /* Assets.xcassets */,
				4858389D1DD8B90700AAA0B0 /* LaunchScreen.storyboard */,
				485838A01DD8B90700AAA0B0 /* Info.plist */,
			);
			path = miProfe;
			sourceTree = "<group>";
		};
/* End PBXGroup section */

/* Begin PBXNativeTarget section */
		485838901DD8B90700AAA0B0 /* miProfe */ = {
			isa = PBXNativeTarget;
			buildConfigurationList = 485838A31DD8B90700AAA0B0 /* Build configuration list for PBXNativeTarget "miProfe" */;
			buildPhases = (
				4858388D1DD8B90700AAA0B0 /* Sources */,
				4858388E1DD8B90700AAA0B0 /* Frameworks */,
				4858388F1DD8B90700AAA0B0 /* Resources */,
			);
			buildRules = (
			);
			dependencies = (
			);
			name = miProfe;
			productName = miProfe;
			productReference = 485838911DD8B90700AAA0B0 /* miProfe.app */;
			productType = "com.apple.product-type.application";
		};
/* End PBXNativeTarget section */

/* Begin PBXProject section */
		485838891DD8B90600AAA0B0 /* Project object */ = {
			isa = PBXProject;
			attributes = {
				LastSwiftUpdateCheck = 0810;
				LastUpgradeCheck = 0810;
				ORGANIZATIONNAME = capitan;
				TargetAttributes = {
					485838901DD8B90700AAA0B0 = {
						CreatedOnToolsVersion = 8.1;
						ProvisioningStyle = Automatic;
					};
				};
			};
			buildConfigurationList = 4858388C1DD8B90600AAA0B0 /* Build configuration list for PBXProject "miProfe" */;
			compatibilityVersion = "Xcode 3.2";
			developmentRegion = English;
			hasScannedForEncodings = 0;
			knownRegions = (
				en,
				Base,
			);
			mainGroup = 485838881DD8B90600AAA0B0;
			productRefGroup = 485838921DD8B90700AAA0B0 /* Products */;
			projectDirPath = "";
			projectRoot = "";
			targets = (
				485838901DD8B90700AAA0B0 /* miProfe */,
			);
		};
/* End PBXProject section */

/* Begin PBXResourcesBuildPhase section */
		4858388F1DD8B90700AAA0B0 /* Resources */ = {
			isa = PBXResourcesBuildPhase;
			buildActionMask = 2147483647;
			files = (
				4858389F1DD8B90700AAA0B0 /* LaunchScreen.storyboard in Resources */,
				4858389C1DD8B90700AAA0B0 /* Assets.xcassets in Resources */,
				4858389A1DD8B90700AAA0B0 /* Main.storyboard in Resources */,
			);
			runOnlyForDeploymentPostprocessing = 0;
		};
/* End PBXResourcesBuildPhase section */

/* Begin PBXSourcesBuildPhase section */
		4858388D1DD8B90700AAA0B0 /* Sources */ = {
			isa = PBXSourcesBuildPhase;
			buildActionMask = 2147483647;
			files = (
				485838971DD8B90700AAA0B0 /* ViewController.swift in Sources */,
				485838951DD8B90700AAA0B0 /* AppDelegate.swift in Sources */,
			);
			runOnlyForDeploymentPostprocessing = 0;
		};
/* End PBXSourcesBuildPhase section */

/* Begin PBXVariantGroup section */
		485838981DD8B90700AAA0B0 /* Main.storyboard */ = {
			isa = PBXVariantGroup;
			children = (
				485838991DD8B90700AAA0B0 /* Base */,
			);
			name = Main.storyboard;
			sourceTree = "<group>";
		};
		4858389D1DD8B90700AAA0B0 /* LaunchScreen.storyboard */ = {
			isa = PBXVariantGroup;
			children = (
				4858389E1DD8B90700AAA0B0 /* Base */,
			);
			name = LaunchScreen.storyboard;
			sourceTree = "<group>";
		};
/* End PBXVariantGroup section */

/* Begin XCBuildConfiguration section */
		485838A11DD8B90700AAA0B0 /* Debug */ = {
			isa = XCBuildConfiguration;
			buildSettings = {
				ALWAYS_SEARCH_USER_PATHS = NO;
				CLANG_ANALYZER_NONNULL = YES;
				CLANG_CXX_LANGUAGE_STANDARD = "gnu++0x";
				CLANG_CXX_LIBRARY = "libc++";
				CLANG_ENABLE_MODULES = YES;
				CLANG_ENABLE_OBJC_ARC = YES;
				CLANG_WARN_BOOL_CONVERSION = YES;
				CLANG_WARN_CONSTANT_CONVERSION = YES;
				CLANG_WARN_DIRECT_OBJC_ISA_USAGE = YES_ERROR;
				CLANG_WARN_DOCUMENTATION_COMMENTS = YES;
				CLANG_WARN_EMPTY_BODY = YES;
				CLANG_WARN_ENUM_CONVERSION = YES;
				CLANG_WARN_INFINITE_RECURSION = YES;
				CLANG_WARN_INT_CONVERSION = YES;
				CLANG_WARN_OBJC_ROOT_CLASS = YES_ERROR;
				CLANG_WARN_SUSPICIOUS_MOVES = YES;
				CLANG_WARN_UNREACHABLE_CODE = YES;
				CLANG_WARN__DUPLICATE_METHOD_MATCH = YES;
				"CODE_SIGN_IDENTITY[sdk=iphoneos*]" = "iPhone Developer";
				COPY_PHASE_STRIP = NO;
				DEBUG_INFORMATION_FORMAT = dwarf;
				ENABLE_STRICT_OBJC_MSGSEND = YES;
				ENABLE_TESTABILITY = YES;
				GCC_C_LANGUAGE_STANDARD = gnu99;
				GCC_DYNAMIC_NO_PIC = NO;
				GCC_NO_COMMON_BLOCKS = YES;
				GCC_OPTIMIZATION_LEVEL = 0;
				GCC_PREPROCESSOR_DEFINITIONS = (
					"DEBUG=1",
					"$(inherited)",
				);
				GCC_WARN_64_TO_32_BIT_CONVERSION = YES;
				GCC_WARN_ABOUT_RETURN_TYPE = YES_ERROR;
				GCC_WARN_UNDECLARED_SELECTOR = YES;
				GCC_WARN_UNINITIALIZED_AUTOS = YES_AGGRESSIVE;
				GCC_WARN_UNUSED_FUNCTION = YES;
				GCC_WARN_UNUSED_VARIABLE = YES;
				IPHONEOS_DEPLOYMENT_TARGET = 10.1;
				MTL_ENABLE_DEBUG_INFO = YES;
				ONLY_ACTIVE_ARCH = YES;
				SDKROOT = iphoneos;
				SWIFT_ACTIVE_COMPILATION_CONDITIONS = DEBUG;
				SWIFT_OPTIMIZATION_LEVEL = "-Onone";
				TARGETED_DEVICE_FAMILY = "1,2";
			};
			name = Debug;
		};
		485838A21DD8B90700AAA0B0 /* Release */ = {
			isa = XCBuildConfiguration;
			buildSettings = {
				ALWAYS_SEARCH_USER_PATHS = NO;
				CLANG_ANALYZER_NONNULL = YES;
				CLANG_CXX_LANGUAGE_STANDARD = "gnu++0x";
				CLANG_CXX_LIBRARY = "libc++";
				CLANG_ENABLE_MODULES = YES;
				CLANG_ENABLE_OBJC_ARC = YES;
				CLANG_WARN_BOOL_CONVERSION = YES;
				CLANG_WARN_CONSTANT_CONVERSION = YES;
				CLANG_WARN_DIRECT_OBJC_ISA_USAGE = YES_ERROR;
				CLANG_WARN_DOCUMENTATION_COMMENTS = YES;
				CLANG_WARN_EMPTY_BODY = YES;
				CLANG_WARN_ENUM_CONVERSION = YES;
				CLANG_WARN_INFINITE_RECURSION = YES;
				CLANG_WARN_INT_CONVERSION = YES;
				CLANG_WARN_OBJC_ROOT_CLASS = YES_ERROR;
				CLANG_WARN_SUSPICIOUS_MOVES = YES;
				CLANG_WARN_UNREACHABLE_CODE = YES;
				CLANG_WARN__DUPLICATE_METHOD_MATCH = YES;
				"CODE_SIGN_IDENTITY[sdk=iphoneos*]" = "iPhone Developer";
				COPY_PHASE_STRIP = NO;
				DEBUG_INFORMATION_FORMAT = "dwarf-with-dsym";
				ENABLE_NS_ASSERTIONS = NO;
				ENABLE_STRICT_OBJC_MSGSEND = YES;
				GCC_C_LANGUAGE_STANDARD = gnu99;
				GCC_NO_COMMON_BLOCKS = YES;
				GCC_WARN_64_TO_32_BIT_CONVERSION = YES;
				GCC_WARN_ABOUT_RETURN_TYPE = YES_ERROR;
				GCC_WARN_UNDECLARED_SELECTOR = YES;
				GCC_WARN_UNINITIALIZED_AUTOS = YES_AGGRESSIVE;
				GCC_WARN_UNUSED_FUNCTION = YES;
				GCC_WARN_UNUSED_VARIABLE = YES;
				IPHONEOS_DEPLOYMENT_TARGET = 10.1;
				MTL_ENABLE_DEBUG_INFO = NO;
				SDKROOT = iphoneos;
				SWIFT_OPTIMIZATION_LEVEL = "-Owholemodule";
				TARGETED_DEVICE_FAMILY = "1,2";
				VALIDATE_PRODUCT = YES;
			};
			name = Release;
		};
		485838A41DD8B90700AAA0B0 /* Debug */ = {
			isa = XCBuildConfiguration;
			buildSettings = {
				ASSETCATALOG_COMPILER_APPICON_NAME = AppIcon;
				INFOPLIST_FILE = miProfe/Info.plist;
				LD_RUNPATH_SEARCH_PATHS = "$(inherited) @executable_path/Frameworks";
				PRODUCT_BUNDLE_IDENTIFIER = personal.miProfe;
				PRODUCT_NAME = "$(TARGET_NAME)";
				SWIFT_VERSION = 3.0;
			};
			name = Debug;
		};
		485838A51DD8B90700AAA0B0 /* Release */ = {
			isa = XCBuildConfiguration;
			buildSettings = {
				ASSETCATALOG_COMPILER_APPICON_NAME = AppIcon;
				INFOPLIST_FILE = miProfe/Info.plist;
				LD_RUNPATH_SEARCH_PATHS = "$(inherited) @executable_path/Frameworks";
				PRODUCT_BUNDLE_IDENTIFIER = personal.miProfe;
				PRODUCT_NAME = "$(TARGET_NAME)";
				SWIFT_VERSION = 3.0;
			};
			name = Release;
		};
/* End XCBuildConfiguration section */

/* Begin XCConfigurationList section */
		4858388C1DD8B90600AAA0B0 /* Build configuration list for PBXProject "miProfe" */ = {
			isa = XCConfigurationList;
			buildConfigurations = (
				485838A11DD8B90700AAA0B0 /* Debug */,
				485838A21DD8B90700AAA0B0 /* Release */,
			);
			defaultConfigurationIsVisible = 0;
			defaultConfigurationName = Release;
		};
		485838A31DD8B90700AAA0B0 /* Build configuration list for PBXNativeTarget "miProfe" */ = {
			isa = XCConfigurationList;
			buildConfigurations = (
				485838A41DD8B90700AAA0B0 /* Debug */,
				485838A51DD8B90700AAA0B0 /* Release */,
			);
			defaultConfigurationIsVisible = 0;
		};
/* End XCConfigurationList section */
	};
	rootObject = 485838891DD8B90600AAA0B0 /* Project object */;
}
